
Microsoft Visual Studio Solution File, Format Version 12.00
# Visual Studio 15
VisualStudioVersion = 15.0.34031.82
MinimumVisualStudioVersion = 10.0.40219.1
Project("{8BC9CEB8-8B4A-11D0-8D11-00A0C91BC942}") = "ex1", "ex1\ex1.vcxproj", "{00C0825C-F35C-449F-B180-2CB3392407BE}"
EndProject
Global
	GlobalSection(SolutionConfigurationPlatforms) = preSolution
		Debug|x64 = Debug|x64
		Debug|x86 = Debug|x86
		Release|x64 = Release|x64
		Release|x86 = Release|x86
	EndGlobalSection
	GlobalSection(ProjectConfigurationPlatforms) = postSolution
		{00C0825C-F35C-449F-B180-2CB3392407BE}.Debug|x64.ActiveCfg = Debug|x64
		{00C0825C-F35C-449F-B180-2CB3392407BE}.Debug|x64.Build.0 = Debug|x64
		{00C0825C-F35C-449F-B180-2CB3392407BE}.Debug|x86.ActiveCfg = Debug|Win32
		{00C0825C-F35C-449F-B180-2CB3392407BE}.Debug|x86.Build.0 = Debug|Win32
		{00C0825C-F35C-449F-B180-2CB3392407BE}.Release|x64.ActiveCfg = Release|x64
		{00C0825C-F35C-449F-B180-2CB3392407BE}.Release|x64.Build.0 = Release|x64
		{00C0825C-F35C-449F-B180-2CB3392407BE}.Release|x86.ActiveCfg = Release|Win32
		{00C0825C-F35C-449F-B180-2CB3392407BE}.Release|x86.Build.0 = Release|Win32
	EndGlobalSection
	GlobalSection(SolutionProperties) = preSolution
		HideSolutionNode = FALSE
	EndGlobalSection
	GlobalSection(ExtensibilityGlobals) = postSolution
		SolutionGuid = {A94BE99D-8F3A-4A9E-9FF6-B1F56089DAAD}
	EndGlobalSection
EndGlobal
